{
  "name": "bjc-demo",
  "domain": "automate-demo.com",
  "enterprise": "automate-demo",
  "org": "automate",
  "certs": [
    "automate",
    "chef",
    "compliance"
  ],
  "ttl": 8,
  "linux": "ubuntu",
  "version": "0.2.1",
  "products": {
    "chef": "stable-12.13.37",
    "chef-server": "stable-12.9.1",
    "chefdk": "stable-0.16.28",
    "compliance": "stable-1.5.6",
    "automate": "stable-0.5.204",
    "push-jobs-server": "stable-latest",
    "manage": "stable-2.4.3"
  },
  "build-nodes": {
    "count": 3
  },
  "workstations": {
    "platform": "windows",
    "password": "RL9@T40BTmXh",
    "count": 1
  },
  "infranodes": {
    "acceptance": {
      "environment": "acceptance-automate-demo-automate-site-config-master",
      "run_list": [
        "recipe[site-config]",
        "recipe[bjc_bass]"
      ]
    },
    "ecomacceptance": {
      "environment": "acceptance-automate-demo-automate-bjc-ecommerce-master",
      "run_list": [
        "recipe[bjc-ecommerce]",
        "recipe[bjc_bass]"
      ]
    },
    "delivered": {
      "environment": "delivered",
      "run_list": [
        "recipe[site-config]",
        "recipe[bjc-ecommerce]",
        "recipe[bjc_bass]"
      ]
    },
    "rehearsal": {
      "environment": "rehearsal",
      "run_list": [
        "recipe[site-config]",
        "recipe[bjc-ecommerce]",
        "recipe[bjc_bass]"
      ]
    },
    "union": {
      "environment": "union",
      "run_list": [
        "recipe[site-config]",
        "recipe[bjc-ecommerce]",
        "recipe[bjc_bass]"
      ]
    }
  },
  "conf": {
    "key_dir": "packer/keys",
    "cookbook_dir": "cookbooks",
    "packer_dir": "packer",
    "templates_dir": "templates",
    "log_dir": "packer/logs",
    "stack_dir": "stacks"
  },
  "aws": {
    "az": "us-west-2c",
    "keypair": "chef-demo-infra",
    "region": "us-west-2",
    "source_ami": {
      "ubuntu": "ami-70b67d10",
      "windows": "ami-4428fa24",
      "centos": "ami-6d1c2007"
    }
  },
  "gce": {
    "zone": "us-east1-b",
    "source_image": {
      "ubuntu": "ubuntu-1404-trusty-v20160809a",
      "windows": "windows-server-2012-r2-dc-v20160809"
    }
  },
  "amis": {
    "us-west-2": {
      "bjc-automate": "ami-6a9b3e0a",
      "bjc-chef-server": "ami-56993c36",
      "bjc-compliance": "ami-969237f6",
      "build-node": {
        "1": "ami-3b993c5b",
        "2": "ami-d69d38b6",
        "3": "ami-0e983d6e"
      },
      "infranodes": {
        "acceptance": "ami-de9c39be",
        "delivered": "ami-f09e3b90",
        "ecomacceptance": "ami-829f3ae2",
        "rehearsal": "ami-0c983d6c",
        "union": "ami-53993c33"
      },
      "workstation": {
        "1": "ami-0778dd67"
      }
    }
  },
  "last_updated": "20161019071018"
}